
Microsoft Visual Studio Solution File, Format Version 12.00
# Visual Studio Version 17
VisualStudioVersion = 17.9.34728.123
MinimumVisualStudioVersion = 10.0.40219.1
Project("{9A19103F-16F7-4668-BE54-9A1E7A4F7556}") = "RentManagerPOC", "RentManagerPOC\RentManagerPOC.csproj", "{AD7A27FD-6313-4C0F-9F2B-8AC5272431F5}"
EndProject
Global
	GlobalSection(SolutionConfigurationPlatforms) = preSolution
		Debug|Any CPU = Debug|Any CPU
		Release|Any CPU = Release|Any CPU
	EndGlobalSection
	GlobalSection(ProjectConfigurationPlatforms) = postSolution
		{AD7A27FD-6313-4C0F-9F2B-8AC5272431F5}.Debug|Any CPU.ActiveCfg = Debug|Any CPU
		{AD7A27FD-6313-4C0F-9F2B-8AC5272431F5}.Debug|Any CPU.Build.0 = Debug|Any CPU
		{AD7A27FD-6313-4C0F-9F2B-8AC5272431F5}.Release|Any CPU.ActiveCfg = Release|Any CPU
		{AD7A27FD-6313-4C0F-9F2B-8AC5272431F5}.Release|Any CPU.Build.0 = Release|Any CPU
	EndGlobalSection
	GlobalSection(SolutionProperties) = preSolution
		HideSolutionNode = FALSE
	EndGlobalSection
	GlobalSection(ExtensibilityGlobals) = postSolution
		SolutionGuid = {891CBCA7-5F73-4463-8F47-83A3877E6CF0}
	EndGlobalSection
EndGlobal
